
Microsoft Visual Studio Solution File, Format Version 12.00
# Visual Studio Version 17
VisualStudioVersion = 17.7.34202.233
MinimumVisualStudioVersion = 10.0.40219.1
Project("{FAE04EC0-301F-11D3-BF4B-00C04F79EFBC}") = "UnofficialMGT2PerformancePatch", "Unofficial MGT2 Performance Patch\UnofficialMGT2PerformancePatch.csproj", "{9120AC45-6780-4089-8554-19EF8B4F0BCE}"
EndProject
Global
	GlobalSection(SolutionConfigurationPlatforms) = preSolution
		Debug|Any CPU = Debug|Any CPU
		Release|Any CPU = Release|Any CPU
	EndGlobalSection
	GlobalSection(ProjectConfigurationPlatforms) = postSolution
		{9120AC45-6780-4089-8554-19EF8B4F0BCE}.Debug|Any CPU.ActiveCfg = Debug|Any CPU
		{9120AC45-6780-4089-8554-19EF8B4F0BCE}.Debug|Any CPU.Build.0 = Debug|Any CPU
		{9120AC45-6780-4089-8554-19EF8B4F0BCE}.Release|Any CPU.ActiveCfg = Release|Any CPU
		{9120AC45-6780-4089-8554-19EF8B4F0BCE}.Release|Any CPU.Build.0 = Release|Any CPU
	EndGlobalSection
	GlobalSection(SolutionProperties) = preSolution
		HideSolutionNode = FALSE
	EndGlobalSection
	GlobalSection(ExtensibilityGlobals) = postSolution
		SolutionGuid = {8F74FC08-87BE-416E-A454-EF2FB03EC0AC}
	EndGlobalSection
EndGlobal
